
Microsoft Visual Studio Solution File, Format Version 12.00
# Visual Studio Version 17
VisualStudioVersion = 17.1.32210.238
MinimumVisualStudioVersion = 10.0.40219.1
Project("{FAE04EC0-301F-11D3-BF4B-00C04F79EFBC}") = "Presencial.Consoleapp", "Presencial.Consoleapp\Presencial.Consoleapp.csproj", "{5712E30C-6204-4898-852F-113FA6317D64}"
EndProject
Project("{FAE04EC0-301F-11D3-BF4B-00C04F79EFBC}") = "ExercicioDois", "ExercicioDois\ExercicioDois.csproj", "{7747B125-A097-40CB-8113-900736FCBA3F}"
EndProject
Project("{FAE04EC0-301F-11D3-BF4B-00C04F79EFBC}") = "ExercicioTres", "ExercicioTres\ExercicioTres.csproj", "{392AAB2F-5403-42EC-8C9A-843FBF3ED7E8}"
EndProject
Project("{FAE04EC0-301F-11D3-BF4B-00C04F79EFBC}") = "ExercicoQuatro", "ExercicoQuatro\ExercicoQuatro.csproj", "{14227846-597D-42A5-A3A5-6F134A06FC3F}"
EndProject
Project("{FAE04EC0-301F-11D3-BF4B-00C04F79EFBC}") = "ExercicioCinco", "ExercicioCinco\ExercicioCinco.csproj", "{5969930D-7AE3-453F-B40D-590A9A5DB43D}"
EndProject
Global
	GlobalSection(SolutionConfigurationPlatforms) = preSolution
		Debug|Any CPU = Debug|Any CPU
		Release|Any CPU = Release|Any CPU
	EndGlobalSection
	GlobalSection(ProjectConfigurationPlatforms) = postSolution
		{5712E30C-6204-4898-852F-113FA6317D64}.Debug|Any CPU.ActiveCfg = Debug|Any CPU
		{5712E30C-6204-4898-852F-113FA6317D64}.Debug|Any CPU.Build.0 = Debug|Any CPU
		{5712E30C-6204-4898-852F-113FA6317D64}.Release|Any CPU.ActiveCfg = Release|Any CPU
		{5712E30C-6204-4898-852F-113FA6317D64}.Release|Any CPU.Build.0 = Release|Any CPU
		{7747B125-A097-40CB-8113-900736FCBA3F}.Debug|Any CPU.ActiveCfg = Debug|Any CPU
		{7747B125-A097-40CB-8113-900736FCBA3F}.Debug|Any CPU.Build.0 = Debug|Any CPU
		{7747B125-A097-40CB-8113-900736FCBA3F}.Release|Any CPU.ActiveCfg = Release|Any CPU
		{7747B125-A097-40CB-8113-900736FCBA3F}.Release|Any CPU.Build.0 = Release|Any CPU
		{392AAB2F-5403-42EC-8C9A-843FBF3ED7E8}.Debug|Any CPU.ActiveCfg = Debug|Any CPU
		{392AAB2F-5403-42EC-8C9A-843FBF3ED7E8}.Debug|Any CPU.Build.0 = Debug|Any CPU
		{392AAB2F-5403-42EC-8C9A-843FBF3ED7E8}.Release|Any CPU.ActiveCfg = Release|Any CPU
		{392AAB2F-5403-42EC-8C9A-843FBF3ED7E8}.Release|Any CPU.Build.0 = Release|Any CPU
		{14227846-597D-42A5-A3A5-6F134A06FC3F}.Debug|Any CPU.ActiveCfg = Debug|Any CPU
		{14227846-597D-42A5-A3A5-6F134A06FC3F}.Debug|Any CPU.Build.0 = Debug|Any CPU
		{14227846-597D-42A5-A3A5-6F134A06FC3F}.Release|Any CPU.ActiveCfg = Release|Any CPU
		{14227846-597D-42A5-A3A5-6F134A06FC3F}.Release|Any CPU.Build.0 = Release|Any CPU
		{5969930D-7AE3-453F-B40D-590A9A5DB43D}.Debug|Any CPU.ActiveCfg = Debug|Any CPU
		{5969930D-7AE3-453F-B40D-590A9A5DB43D}.Debug|Any CPU.Build.0 = Debug|Any CPU
		{5969930D-7AE3-453F-B40D-590A9A5DB43D}.Release|Any CPU.ActiveCfg = Release|Any CPU
		{5969930D-7AE3-453F-B40D-590A9A5DB43D}.Release|Any CPU.Build.0 = Release|Any CPU
	EndGlobalSection
	GlobalSection(SolutionProperties) = preSolution
		HideSolutionNode = FALSE
	EndGlobalSection
	GlobalSection(ExtensibilityGlobals) = postSolution
		SolutionGuid = {8B1663F2-9F11-4E4F-9A17-5D5C92C6FDAF}
	EndGlobalSection
EndGlobal
